
Microsoft Visual Studio Solution File, Format Version 12.00
# Visual Studio 15
VisualStudioVersion = 15.0.27130.2010
MinimumVisualStudioVersion = 10.0.40219.1
Project("{FAE04EC0-301F-11D3-BF4B-00C04F79EFBC}") = "FirstWebsite", "FirstWebsite\FirstWebsite.csproj", "{91796562-CA52-4C57-B95B-0EBD94C0C17E}"
EndProject
Global
	GlobalSection(SolutionConfigurationPlatforms) = preSolution
		Debug|Any CPU = Debug|Any CPU
		Release|Any CPU = Release|Any CPU
	EndGlobalSection
	GlobalSection(ProjectConfigurationPlatforms) = postSolution
		{91796562-CA52-4C57-B95B-0EBD94C0C17E}.Debug|Any CPU.ActiveCfg = Debug|Any CPU
		{91796562-CA52-4C57-B95B-0EBD94C0C17E}.Debug|Any CPU.Build.0 = Debug|Any CPU
		{91796562-CA52-4C57-B95B-0EBD94C0C17E}.Release|Any CPU.ActiveCfg = Release|Any CPU
		{91796562-CA52-4C57-B95B-0EBD94C0C17E}.Release|Any CPU.Build.0 = Release|Any CPU
	EndGlobalSection
	GlobalSection(SolutionProperties) = preSolution
		HideSolutionNode = FALSE
	EndGlobalSection
	GlobalSection(ExtensibilityGlobals) = postSolution
		SolutionGuid = {9F701804-3CB4-4D15-A49B-B53280454D20}
	EndGlobalSection
EndGlobal
