
Microsoft Visual Studio Solution File, Format Version 12.00
# Visual Studio 15
VisualStudioVersion = 15.0.27130.2010
MinimumVisualStudioVersion = 10.0.40219.1
Project("{9A19103F-16F7-4668-BE54-9A1E7A4F7556}") = "FirstWebsite", "FirstWebsite\FirstWebsite.csproj", "{91796562-CA52-4C57-B95B-0EBD94C0C17E}"
EndProject
Project("{9A19103F-16F7-4668-BE54-9A1E7A4F7556}") = "SharedClassLibrary", "SharedClassLibrary\SharedClassLibrary.csproj", "{F86DDF16-A596-403F-B022-EB9A7D1D1D79}"
EndProject
Project("{FAE04EC0-301F-11D3-BF4B-00C04F79EFBC}") = "SecondWebsite", "SecondWebsite\SecondWebsite.csproj", "{65BE29A8-6529-43BB-AF2E-BCA0C6001B08}"
EndProject
Global
	GlobalSection(SolutionConfigurationPlatforms) = preSolution
		Debug|Any CPU = Debug|Any CPU
		Release|Any CPU = Release|Any CPU
	EndGlobalSection
	GlobalSection(ProjectConfigurationPlatforms) = postSolution
		{91796562-CA52-4C57-B95B-0EBD94C0C17E}.Debug|Any CPU.ActiveCfg = Debug|Any CPU
		{91796562-CA52-4C57-B95B-0EBD94C0C17E}.Debug|Any CPU.Build.0 = Debug|Any CPU
		{91796562-CA52-4C57-B95B-0EBD94C0C17E}.Release|Any CPU.ActiveCfg = Release|Any CPU
		{91796562-CA52-4C57-B95B-0EBD94C0C17E}.Release|Any CPU.Build.0 = Release|Any CPU
		{F86DDF16-A596-403F-B022-EB9A7D1D1D79}.Debug|Any CPU.ActiveCfg = Debug|Any CPU
		{F86DDF16-A596-403F-B022-EB9A7D1D1D79}.Debug|Any CPU.Build.0 = Debug|Any CPU
		{F86DDF16-A596-403F-B022-EB9A7D1D1D79}.Release|Any CPU.ActiveCfg = Release|Any CPU
		{F86DDF16-A596-403F-B022-EB9A7D1D1D79}.Release|Any CPU.Build.0 = Release|Any CPU
		{65BE29A8-6529-43BB-AF2E-BCA0C6001B08}.Debug|Any CPU.ActiveCfg = Debug|Any CPU
		{65BE29A8-6529-43BB-AF2E-BCA0C6001B08}.Debug|Any CPU.Build.0 = Debug|Any CPU
		{65BE29A8-6529-43BB-AF2E-BCA0C6001B08}.Release|Any CPU.ActiveCfg = Release|Any CPU
		{65BE29A8-6529-43BB-AF2E-BCA0C6001B08}.Release|Any CPU.Build.0 = Release|Any CPU
	EndGlobalSection
	GlobalSection(SolutionProperties) = preSolution
		HideSolutionNode = FALSE
	EndGlobalSection
	GlobalSection(ExtensibilityGlobals) = postSolution
		SolutionGuid = {9F701804-3CB4-4D15-A49B-B53280454D20}
	EndGlobalSection
EndGlobal
